
Microsoft Visual Studio Solution File, Format Version 12.00
# Visual Studio 15
VisualStudioVersion = 15.0.28307.572
MinimumVisualStudioVersion = 10.0.40219.1
Project("{FAE04EC0-301F-11D3-BF4B-00C04F79EFBC}") = "FantasyFootball", "FantasyFootball\FantasyFootball.csproj", "{C16A11EF-EFF8-471F-B995-218CA6A93561}"
EndProject
Global
	GlobalSection(SolutionConfigurationPlatforms) = preSolution
		Debug|Any CPU = Debug|Any CPU
		Release|Any CPU = Release|Any CPU
	EndGlobalSection
	GlobalSection(ProjectConfigurationPlatforms) = postSolution
		{C16A11EF-EFF8-471F-B995-218CA6A93561}.Debug|Any CPU.ActiveCfg = Debug|Any CPU
		{C16A11EF-EFF8-471F-B995-218CA6A93561}.Debug|Any CPU.Build.0 = Debug|Any CPU
		{C16A11EF-EFF8-471F-B995-218CA6A93561}.Release|Any CPU.ActiveCfg = Release|Any CPU
		{C16A11EF-EFF8-471F-B995-218CA6A93561}.Release|Any CPU.Build.0 = Release|Any CPU
	EndGlobalSection
	GlobalSection(SolutionProperties) = preSolution
		HideSolutionNode = FALSE
	EndGlobalSection
	GlobalSection(ExtensibilityGlobals) = postSolution
		SolutionGuid = {EC5F8748-9DF9-4E10-A084-42E6CE8F77DD}
	EndGlobalSection
EndGlobal
